
Microsoft Visual Studio Solution File, Format Version 12.00
# Visual Studio Version 17
VisualStudioVersion = 17.9.34622.214
MinimumVisualStudioVersion = 10.0.40219.1
Project("{FAE04EC0-301F-11D3-BF4B-00C04F79EFBC}") = "EmailOTP", "EmailOTP\EmailOTP.csproj", "{B3D237A4-4A57-4C3E-8592-5499ED0C249B}"
EndProject
Global
	GlobalSection(SolutionConfigurationPlatforms) = preSolution
		Debug|Any CPU = Debug|Any CPU
		Release|Any CPU = Release|Any CPU
	EndGlobalSection
	GlobalSection(ProjectConfigurationPlatforms) = postSolution
		{B3D237A4-4A57-4C3E-8592-5499ED0C249B}.Debug|Any CPU.ActiveCfg = Debug|Any CPU
		{B3D237A4-4A57-4C3E-8592-5499ED0C249B}.Debug|Any CPU.Build.0 = Debug|Any CPU
		{B3D237A4-4A57-4C3E-8592-5499ED0C249B}.Release|Any CPU.ActiveCfg = Release|Any CPU
		{B3D237A4-4A57-4C3E-8592-5499ED0C249B}.Release|Any CPU.Build.0 = Release|Any CPU
	EndGlobalSection
	GlobalSection(SolutionProperties) = preSolution
		HideSolutionNode = FALSE
	EndGlobalSection
	GlobalSection(ExtensibilityGlobals) = postSolution
		SolutionGuid = {743669CE-727F-490E-95A4-565C968C1F55}
	EndGlobalSection
EndGlobal
